
Microsoft Visual Studio Solution File, Format Version 12.00
# Visual Studio Version 17
VisualStudioVersion = 17.11.35327.3
MinimumVisualStudioVersion = 10.0.40219.1
Project("{FAE04EC0-301F-11D3-BF4B-00C04F79EFBC}") = "AppTDS", "AppTDS\AppTDS.csproj", "{EC78431D-765E-47B8-819C-5FE3AC24E619}"
EndProject
Global
	GlobalSection(SolutionConfigurationPlatforms) = preSolution
		Debug|Any CPU = Debug|Any CPU
		Release|Any CPU = Release|Any CPU
	EndGlobalSection
	GlobalSection(ProjectConfigurationPlatforms) = postSolution
		{EC78431D-765E-47B8-819C-5FE3AC24E619}.Debug|Any CPU.ActiveCfg = Debug|Any CPU
		{EC78431D-765E-47B8-819C-5FE3AC24E619}.Debug|Any CPU.Build.0 = Debug|Any CPU
		{EC78431D-765E-47B8-819C-5FE3AC24E619}.Release|Any CPU.ActiveCfg = Release|Any CPU
		{EC78431D-765E-47B8-819C-5FE3AC24E619}.Release|Any CPU.Build.0 = Release|Any CPU
	EndGlobalSection
	GlobalSection(SolutionProperties) = preSolution
		HideSolutionNode = FALSE
	EndGlobalSection
	GlobalSection(ExtensibilityGlobals) = postSolution
		SolutionGuid = {947A671C-F72D-4D12-B8E2-79E74AC386E8}
	EndGlobalSection
EndGlobal
