
Microsoft Visual Studio Solution File, Format Version 12.00
# Visual Studio Version 17
VisualStudioVersion = 17.5.002.0
MinimumVisualStudioVersion = 10.0.40219.1
Project("{9A19103F-16F7-4668-BE54-9A1E7A4F7556}") = "AppTDS", "AppTDS.csproj", "{C00E1F89-0AA8-42B8-9E95-3537910B6656}"
EndProject
Global
	GlobalSection(SolutionConfigurationPlatforms) = preSolution
		Debug|Any CPU = Debug|Any CPU
		Release|Any CPU = Release|Any CPU
	EndGlobalSection
	GlobalSection(ProjectConfigurationPlatforms) = postSolution
		{C00E1F89-0AA8-42B8-9E95-3537910B6656}.Debug|Any CPU.ActiveCfg = Debug|Any CPU
		{C00E1F89-0AA8-42B8-9E95-3537910B6656}.Debug|Any CPU.Build.0 = Debug|Any CPU
		{C00E1F89-0AA8-42B8-9E95-3537910B6656}.Release|Any CPU.ActiveCfg = Release|Any CPU
		{C00E1F89-0AA8-42B8-9E95-3537910B6656}.Release|Any CPU.Build.0 = Release|Any CPU
	EndGlobalSection
	GlobalSection(SolutionProperties) = preSolution
		HideSolutionNode = FALSE
	EndGlobalSection
	GlobalSection(ExtensibilityGlobals) = postSolution
		SolutionGuid = {2675AEE7-7729-4C25-A9B0-2CD7CC5A26CC}
	EndGlobalSection
EndGlobal
